
Microsoft Visual Studio Solution File, Format Version 12.00
# Visual Studio 15
VisualStudioVersion = 15.0.26730.16
MinimumVisualStudioVersion = 10.0.40219.1
Project("{F2A71F9B-5D33-465A-A702-920D77279786}") = "MagicBoxLib", "MagicBoxLib.fsproj", "{E0168DBD-F423-47E6-8A64-572DCBD4766F}"
EndProject
Project("{FAE04EC0-301F-11D3-BF4B-00C04F79EFBC}") = "MagicBox", "..\MagicBox\MagicBox.csproj", "{55A964E0-7893-48EB-A209-A1ADEABEF32C}"
EndProject
Project("{F2A71F9B-5D33-465A-A702-920D77279786}") = "MagicBoxConsole", "..\MagicBoxConsole\MagicBoxConsole.fsproj", "{AFE9030E-B4F9-472C-AECE-19D89807BD9A}"
EndProject
Global
	GlobalSection(SolutionConfigurationPlatforms) = preSolution
		Debug|Any CPU = Debug|Any CPU
		Release|Any CPU = Release|Any CPU
	EndGlobalSection
	GlobalSection(ProjectConfigurationPlatforms) = postSolution
		{E0168DBD-F423-47E6-8A64-572DCBD4766F}.Debug|Any CPU.ActiveCfg = Debug|Any CPU
		{E0168DBD-F423-47E6-8A64-572DCBD4766F}.Debug|Any CPU.Build.0 = Debug|Any CPU
		{E0168DBD-F423-47E6-8A64-572DCBD4766F}.Release|Any CPU.ActiveCfg = Release|Any CPU
		{E0168DBD-F423-47E6-8A64-572DCBD4766F}.Release|Any CPU.Build.0 = Release|Any CPU
		{55A964E0-7893-48EB-A209-A1ADEABEF32C}.Debug|Any CPU.ActiveCfg = Debug|Any CPU
		{55A964E0-7893-48EB-A209-A1ADEABEF32C}.Debug|Any CPU.Build.0 = Debug|Any CPU
		{55A964E0-7893-48EB-A209-A1ADEABEF32C}.Release|Any CPU.ActiveCfg = Release|Any CPU
		{55A964E0-7893-48EB-A209-A1ADEABEF32C}.Release|Any CPU.Build.0 = Release|Any CPU
		{AFE9030E-B4F9-472C-AECE-19D89807BD9A}.Debug|Any CPU.ActiveCfg = Debug|Any CPU
		{AFE9030E-B4F9-472C-AECE-19D89807BD9A}.Debug|Any CPU.Build.0 = Debug|Any CPU
		{AFE9030E-B4F9-472C-AECE-19D89807BD9A}.Release|Any CPU.ActiveCfg = Release|Any CPU
		{AFE9030E-B4F9-472C-AECE-19D89807BD9A}.Release|Any CPU.Build.0 = Release|Any CPU
	EndGlobalSection
	GlobalSection(SolutionProperties) = preSolution
		HideSolutionNode = FALSE
	EndGlobalSection
	GlobalSection(ExtensibilityGlobals) = postSolution
		SolutionGuid = {0611210E-9ACF-4FF5-AF12-9F7DB6492920}
	EndGlobalSection
EndGlobal
